{
  "version": 4,
  "terraform_version": "1.2.4",
  "serial": 24,
  "lineage": "5b3c0961-b647-bed7-10a7-178217a3f4a7",
  "outputs": {
    "subnets_id": {
      "value": "subnet-01b2e3806842d0fd6",
      "type": "string"
    }
  },
  "resources": [
    {
      "module": "module.iam",
      "mode": "data",
      "type": "aws_iam_policy",
      "name": "instance_profile_policy",
      "provider": "provider[\"registry.terraform.io/hashicorp/aws\"]",
      "instances": [
        {
          "schema_version": 0,
          "attributes": {
            "arn": "arn:aws:iam::aws:policy/AmazonSSMFullAccess",
            "description": "Provides full access to Amazon SSM.",
            "id": "arn:aws:iam::aws:policy/AmazonSSMFullAccess",
            "name": "AmazonSSMFullAccess",
            "path": "/",
            "path_prefix": null,
            "policy": "{\n  \"Version\": \"2012-10-17\",\n  \"Statement\": [\n    {\n      \"Effect\": \"Allow\",\n      \"Action\": [\n        \"cloudwatch:PutMetricData\",\n        \"ds:CreateComputer\",\n        \"ds:DescribeDirectories\",\n        \"ec2:DescribeInstanceStatus\",\n        \"logs:*\",\n        \"ssm:*\",\n        \"ec2messages:*\"\n      ],\n      \"Resource\": \"*\"\n    },\n    {\n      \"Effect\": \"Allow\",\n      \"Action\": \"iam:CreateServiceLinkedRole\",\n      \"Resource\": \"arn:aws:iam::*:role/aws-service-role/ssm.amazonaws.com/AWSServiceRoleForAmazonSSM*\",\n      \"Condition\": {\n        \"StringLike\": {\n          \"iam:AWSServiceName\": \"ssm.amazonaws.com\"\n        }\n      }\n    },\n    {\n      \"Effect\": \"Allow\",\n      \"Action\": [\n        \"iam:DeleteServiceLinkedRole\",\n        \"iam:GetServiceLinkedRoleDeletionStatus\"\n      ],\n      \"Resource\": \"arn:aws:iam::*:role/aws-service-role/ssm.amazonaws.com/AWSServiceRoleForAmazonSSM*\"\n    },\n    {\n      \"Effect\": \"Allow\",\n      \"Action\": [\n         \"ssmmessages:CreateControlChannel\",\n         \"ssmmessages:CreateDataChannel\",\n         \"ssmmessages:OpenControlChannel\",\n         \"ssmmessages:OpenDataChannel\"\n      ],\n      \"Resource\": \"*\"\n    }\n  ]\n}",
            "policy_id": "ANPAJA7V6HI4ISQFMDYAG",
            "tags": {}
          },
          "sensitive_attributes": []
        }
      ]
    },
    {
      "module": "module.iam",
      "mode": "managed",
      "type": "aws_iam_instance_profile",
      "name": "test_profile",
      "provider": "provider[\"registry.terraform.io/hashicorp/aws\"]",
      "instances": [
        {
          "schema_version": 0,
          "attributes": {
            "arn": "arn:aws:iam::383452002839:instance-profile/ssm_instance_profile",
            "create_date": "2022-11-15T09:34:05Z",
            "id": "ssm_instance_profile",
            "name": "ssm_instance_profile",
            "name_prefix": null,
            "path": "/",
            "role": "AWS-SSM-Role",
            "tags": null,
            "tags_all": {},
            "unique_id": "AIPAVSR4FHILXXPQRKQC7"
          },
          "sensitive_attributes": [],
          "private": "bnVsbA==",
          "dependencies": [
            "module.iam.aws_iam_role.ssm-role"
          ]
        }
      ]
    },
    {
      "module": "module.iam",
      "mode": "managed",
      "type": "aws_iam_policy",
      "name": "vmdk_policy",
      "provider": "provider[\"registry.terraform.io/hashicorp/aws\"]",
      "instances": [
        {
          "schema_version": 0,
          "attributes": {
            "arn": "arn:aws:iam::383452002839:policy/aws_vmdk_policy",
            "description": "",
            "id": "arn:aws:iam::383452002839:policy/aws_vmdk_policy",
            "name": "aws_vmdk_policy",
            "name_prefix": null,
            "path": "/",
            "policy": "{\"Statement\":[{\"Action\":[\"s3:GetBucketLocation\",\"s3:GetObject\",\"s3:ListBucket\"],\"Effect\":\"Allow\",\"Resource\":[\"arn:aws:s3:::event-tech-vm-storage-demo\",\"arn:aws:s3:::event-tech-vm-storage-demo/*\"]},{\"Action\":[\"s3:GetBucketLocation\",\"s3:GetObject\",\"s3:ListBucket\",\"s3:PutObject\",\"s3:GetBucketAcl\"],\"Effect\":\"Allow\",\"Resource\":[\"arn:aws:s3:::event-tech-vm-storage-demo\",\"arn:aws:s3:::event-tech-vm-storage-demo/*\"]},{\"Action\":[\"ec2:ModifySnapshotAttribute\",\"ec2:CopySnapshot\",\"ec2:RegisterImage\",\"ec2:Describe*\"],\"Effect\":\"Allow\",\"Resource\":\"*\"}],\"Version\":\"2012-10-17\"}",
            "policy_id": "ANPAVSR4FHILUIJVIGT3S",
            "tags": null,
            "tags_all": {}
          },
          "sensitive_attributes": [],
          "private": "bnVsbA=="
        }
      ]
    },
    {
      "module": "module.iam",
      "mode": "managed",
      "type": "aws_iam_policy_attachment",
      "name": "instance_profile_policyattachment",
      "provider": "provider[\"registry.terraform.io/hashicorp/aws\"]",
      "instances": [
        {
          "schema_version": 0,
          "attributes": {
            "groups": null,
            "id": "instance_profile",
            "name": "instance_profile",
            "policy_arn": "arn:aws:iam::aws:policy/AmazonSSMFullAccess",
            "roles": [
              "AWS-SSM-Role"
            ],
            "users": null
          },
          "sensitive_attributes": [],
          "private": "bnVsbA==",
          "dependencies": [
            "module.iam.aws_iam_role.ssm-role",
            "module.iam.data.aws_iam_policy.instance_profile_policy"
          ]
        }
      ]
    },
    {
      "module": "module.iam",
      "mode": "managed",
      "type": "aws_iam_role",
      "name": "ssm-role",
      "provider": "provider[\"registry.terraform.io/hashicorp/aws\"]",
      "instances": [
        {
          "schema_version": 0,
          "attributes": {
            "arn": "arn:aws:iam::383452002839:role/AWS-SSM-Role",
            "assume_role_policy": "{\"Statement\":[{\"Action\":\"sts:AssumeRole\",\"Effect\":\"Allow\",\"Principal\":{\"Service\":\"ec2.amazonaws.com\"}}],\"Version\":\"2012-10-17\"}",
            "create_date": "2022-11-15T09:34:03Z",
            "description": "",
            "force_detach_policies": false,
            "id": "AWS-SSM-Role",
            "inline_policy": [],
            "managed_policy_arns": [],
            "max_session_duration": 3600,
            "name": "AWS-SSM-Role",
            "name_prefix": "",
            "path": "/",
            "permissions_boundary": null,
            "tags": {
              "DataTaxonomy": "Cisco Operatoins Data",
              "Environment": "testing",
              "OwnerName": "",
              "ResourceOwner": "",
              "Security_Compliance": "yes",
              "ServiceName": "Security-stack"
            },
            "tags_all": {
              "DataTaxonomy": "Cisco Operatoins Data",
              "Environment": "testing",
              "OwnerName": "",
              "ResourceOwner": "",
              "Security_Compliance": "yes",
              "ServiceName": "Security-stack"
            },
            "unique_id": "AROAVSR4FHILRGOWSR4UR"
          },
          "sensitive_attributes": [],
          "private": "bnVsbA=="
        }
      ]
    },
    {
      "module": "module.iam",
      "mode": "managed",
      "type": "aws_iam_role",
      "name": "vmdk-role",
      "provider": "provider[\"registry.terraform.io/hashicorp/aws\"]",
      "instances": [
        {
          "schema_version": 0,
          "attributes": {
            "arn": "arn:aws:iam::383452002839:role/aws_vmdk_role",
            "assume_role_policy": "{\"Statement\":[{\"Action\":\"sts:AssumeRole\",\"Condition\":{\"StringEquals\":{\"sts:Externalid\":\"vmimport\"}},\"Effect\":\"Allow\",\"Principal\":{\"Service\":\"vmie.amazonaws.com\"}}],\"Version\":\"2012-10-17\"}",
            "create_date": "2022-11-15T09:34:03Z",
            "description": "",
            "force_detach_policies": false,
            "id": "aws_vmdk_role",
            "inline_policy": [],
            "managed_policy_arns": [],
            "max_session_duration": 3600,
            "name": "aws_vmdk_role",
            "name_prefix": "",
            "path": "/",
            "permissions_boundary": null,
            "tags": {
              "DataTaxonomy": "Cisco Operatoins Data",
              "Environment": "testing",
              "OwnerName": "",
              "ResourceOwner": "",
              "Security_Compliance": "yes",
              "ServiceName": "Security-stack"
            },
            "tags_all": {
              "DataTaxonomy": "Cisco Operatoins Data",
              "Environment": "testing",
              "OwnerName": "",
              "ResourceOwner": "",
              "Security_Compliance": "yes",
              "ServiceName": "Security-stack"
            },
            "unique_id": "AROAVSR4FHILZVMTRNQ7M"
          },
          "sensitive_attributes": [],
          "private": "bnVsbA=="
        }
      ]
    },
    {
      "module": "module.iam",
      "mode": "managed",
      "type": "aws_iam_role_policy_attachment",
      "name": "vmdk-attach",
      "provider": "provider[\"registry.terraform.io/hashicorp/aws\"]",
      "instances": [
        {
          "schema_version": 0,
          "attributes": {
            "id": "aws_vmdk_role-20221115093223536200000001",
            "policy_arn": "arn:aws:iam::383452002839:policy/aws_vmdk_policy",
            "role": "aws_vmdk_role"
          },
          "sensitive_attributes": [],
          "private": "bnVsbA==",
          "dependencies": [
            "module.iam.aws_iam_policy.vmdk_policy",
            "module.iam.aws_iam_role.vmdk-role"
          ]
        }
      ]
    },
    {
      "module": "module.stack_1",
      "mode": "data",
      "type": "aws_availability_zones",
      "name": "azs",
      "provider": "provider[\"registry.terraform.io/hashicorp/aws\"]",
      "instances": [
        {
          "schema_version": 0,
          "attributes": {
            "all_availability_zones": null,
            "exclude_names": null,
            "exclude_zone_ids": null,
            "filter": null,
            "group_names": [
              "us-west-1"
            ],
            "id": "us-west-1",
            "names": [
              "us-west-1b",
              "us-west-1c"
            ],
            "state": "available",
            "timeouts": null,
            "zone_ids": [
              "usw1-az3",
              "usw1-az1"
            ]
          },
          "sensitive_attributes": []
        }
      ]
    },
    {
      "module": "module.stack_1",
      "mode": "data",
      "type": "aws_eip",
      "name": "eip",
      "provider": "provider[\"registry.terraform.io/hashicorp/aws\"]",
      "instances": [
        {
          "index_key": 0,
          "schema_version": 0,
          "attributes": {
            "association_id": "",
            "carrier_ip": "",
            "customer_owned_ip": "",
            "customer_owned_ipv4_pool": "",
            "domain": "vpc",
            "filter": null,
            "id": "eipalloc-0979a0d41461a5da5",
            "instance_id": "",
            "network_interface_id": "",
            "network_interface_owner_id": "",
            "private_dns": null,
            "private_ip": "",
            "public_dns": "ec2-52-9-123-194.us-west-1.compute.amazonaws.com",
            "public_ip": "52.9.123.194",
            "public_ipv4_pool": "amazon",
            "tags": {
              "Name": "cml_eip0"
            },
            "timeouts": null
          },
          "sensitive_attributes": []
        }
      ]
    },
    {
      "module": "module.stack_1",
      "mode": "data",
      "type": "aws_iam_instance_profile",
      "name": "instance_profile",
      "provider": "provider[\"registry.terraform.io/hashicorp/aws\"]",
      "instances": [
        {
          "schema_version": 0,
          "attributes": {
            "arn": "arn:aws:iam::383452002839:instance-profile/ssm_instance_profile",
            "create_date": "2022-11-15 09:34:05 +0000 UTC",
            "id": "AIPAVSR4FHILXXPQRKQC7",
            "name": "ssm_instance_profile",
            "path": "/",
            "role_arn": "arn:aws:iam::383452002839:role/AWS-SSM-Role",
            "role_id": "AROAVSR4FHILRGOWSR4UR",
            "role_name": "AWS-SSM-Role"
          },
          "sensitive_attributes": []
        }
      ]
    },
    {
      "module": "module.stack_1",
      "mode": "data",
      "type": "aws_security_group",
      "name": "selected",
      "provider": "provider[\"registry.terraform.io/hashicorp/aws\"]",
      "instances": [
        {
          "schema_version": 0,
          "attributes": {
            "arn": "arn:aws:ec2:us-west-1:383452002839:security-group/sg-08f19ad2bf9b5ecce",
            "description": "Managed by Terraform",
            "filter": null,
            "id": "sg-08f19ad2bf9b5ecce",
            "name": "cml-security-group",
            "tags": {
              "DataTaxonomy": "Cisco Operatoins Data",
              "Environment": "testing",
              "OwnerName": "",
              "ResourceOwner": "",
              "Security_Compliance": "yes",
              "ServiceName": "Security-stack"
            },
            "timeouts": null,
            "vpc_id": "vpc-020397d4a457e57fb"
          },
          "sensitive_attributes": []
        }
      ]
    },
    {
      "module": "module.stack_1",
      "mode": "managed",
      "type": "aws_eip_association",
      "name": "eip_assoc",
      "provider": "provider[\"registry.terraform.io/hashicorp/aws\"]",
      "instances": [
        {
          "index_key": 0,
          "schema_version": 0,
          "attributes": {
            "allocation_id": "eipalloc-0979a0d41461a5da5",
            "allow_reassociation": null,
            "id": "eipassoc-040af9ee9fb5788a6",
            "instance_id": "i-0a6ffb4249bd5660e",
            "network_interface_id": "eni-0b144c7dce0c8e0d2",
            "private_ip_address": "10.0.20.40",
            "public_ip": "52.9.123.194"
          },
          "sensitive_attributes": [],
          "private": "bnVsbA==",
          "dependencies": [
            "module.stack_1.aws_instance.web-server",
            "module.stack_1.data.aws_eip.eip",
            "module.stack_1.data.aws_iam_instance_profile.instance_profile",
            "module.stack_1.data.aws_security_group.selected",
            "module.vpc.aws_eip.eip",
            "module.vpc.aws_internet_gateway.gw",
            "module.vpc.aws_route_table.rtbl",
            "module.vpc.aws_route_table_association.public-subnet-1-route-table-association",
            "module.vpc.aws_security_group.sg",
            "module.vpc.aws_subnet.private-sub1",
            "module.vpc.aws_subnet.private-sub2",
            "module.vpc.aws_subnet.pub-sub1",
            "module.vpc.aws_subnet.pub-sub2",
            "module.vpc.aws_vpc.vpc",
            "module.vpc.data.aws_availability_zones.azs"
          ]
        }
      ]
    },
    {
      "module": "module.stack_1",
      "mode": "managed",
      "type": "aws_instance",
      "name": "web-server",
      "provider": "provider[\"registry.terraform.io/hashicorp/aws\"]",
      "instances": [
        {
          "index_key": 0,
          "schema_version": 1,
          "attributes": {
            "ami": "ami-017c001a88dd93847",
            "arn": "arn:aws:ec2:us-west-1:383452002839:instance/i-0a6ffb4249bd5660e",
            "associate_public_ip_address": true,
            "availability_zone": "us-west-1c",
            "capacity_reservation_specification": [
              {
                "capacity_reservation_preference": "open",
                "capacity_reservation_target": []
              }
            ],
            "cpu_core_count": 1,
            "cpu_threads_per_core": 1,
            "credit_specification": [
              {
                "cpu_credits": "standard"
              }
            ],
            "disable_api_stop": false,
            "disable_api_termination": false,
            "ebs_block_device": [],
            "ebs_optimized": false,
            "enclave_options": [
              {
                "enabled": false
              }
            ],
            "ephemeral_block_device": [],
            "get_password_data": false,
            "hibernation": false,
            "host_id": null,
            "host_resource_group_arn": null,
            "iam_instance_profile": "ssm_instance_profile",
            "id": "i-0a6ffb4249bd5660e",
            "instance_initiated_shutdown_behavior": "stop",
            "instance_state": "running",
            "instance_type": "t2.micro",
            "ipv6_address_count": 0,
            "ipv6_addresses": [],
            "key_name": "",
            "launch_template": [],
            "maintenance_options": [
              {
                "auto_recovery": "default"
              }
            ],
            "metadata_options": [
              {
                "http_endpoint": "enabled",
                "http_put_response_hop_limit": 1,
                "http_tokens": "optional",
                "instance_metadata_tags": "disabled"
              }
            ],
            "monitoring": false,
            "network_interface": [],
            "outpost_arn": "",
            "password_data": "",
            "placement_group": "",
            "placement_partition_number": null,
            "primary_network_interface_id": "eni-0b144c7dce0c8e0d2",
            "private_dns": "ip-10-0-20-40.us-west-1.compute.internal",
            "private_dns_name_options": [
              {
                "enable_resource_name_dns_a_record": false,
                "enable_resource_name_dns_aaaa_record": false,
                "hostname_type": "ip-name"
              }
            ],
            "private_ip": "10.0.20.40",
            "public_dns": "",
            "public_ip": "3.101.101.60",
            "root_block_device": [
              {
                "delete_on_termination": true,
                "device_name": "/dev/xvda",
                "encrypted": false,
                "iops": 100,
                "kms_key_id": "",
                "tags": {},
                "throughput": 0,
                "volume_id": "vol-038019415913cbf25",
                "volume_size": 8,
                "volume_type": "gp2"
              }
            ],
            "secondary_private_ips": [],
            "security_groups": [],
            "source_dest_check": true,
            "subnet_id": "subnet-01b2e3806842d0fd6",
            "tags": {
              "DataTaxonomy": "Cisco Operatoins Data",
              "Environment": "testing",
              "OwnerName": "",
              "ResourceOwner": "",
              "Security_Compliance": "yes",
              "ServiceName": "Security-stack"
            },
            "tags_all": {
              "DataTaxonomy": "Cisco Operatoins Data",
              "Environment": "testing",
              "OwnerName": "",
              "ResourceOwner": "",
              "Security_Compliance": "yes",
              "ServiceName": "Security-stack"
            },
            "tenancy": "default",
            "timeouts": null,
            "user_data": null,
            "user_data_base64": null,
            "user_data_replace_on_change": false,
            "volume_tags": null,
            "vpc_security_group_ids": [
              "sg-08f19ad2bf9b5ecce"
            ]
          },
          "sensitive_attributes": [],
          "private": "eyJlMmJmYjczMC1lY2FhLTExZTYtOGY4OC0zNDM2M2JjN2M0YzAiOnsiY3JlYXRlIjo2MDAwMDAwMDAwMDAsImRlbGV0ZSI6MTIwMDAwMDAwMDAwMCwidXBkYXRlIjo2MDAwMDAwMDAwMDB9LCJzY2hlbWFfdmVyc2lvbiI6IjEifQ==",
          "dependencies": [
            "module.stack_1.data.aws_iam_instance_profile.instance_profile",
            "module.stack_1.data.aws_security_group.selected",
            "module.vpc.aws_eip.eip",
            "module.vpc.aws_internet_gateway.gw",
            "module.vpc.aws_route_table.rtbl",
            "module.vpc.aws_route_table_association.public-subnet-1-route-table-association",
            "module.vpc.aws_security_group.sg",
            "module.vpc.aws_subnet.private-sub1",
            "module.vpc.aws_subnet.private-sub2",
            "module.vpc.aws_subnet.pub-sub1",
            "module.vpc.aws_subnet.pub-sub2",
            "module.vpc.aws_vpc.vpc",
            "module.vpc.data.aws_availability_zones.azs"
          ]
        }
      ]
    },
    {
      "module": "module.vpc",
      "mode": "data",
      "type": "aws_availability_zones",
      "name": "azs",
      "provider": "provider[\"registry.terraform.io/hashicorp/aws\"]",
      "instances": [
        {
          "schema_version": 0,
          "attributes": {
            "all_availability_zones": null,
            "exclude_names": null,
            "exclude_zone_ids": null,
            "filter": null,
            "group_names": [
              "us-west-1"
            ],
            "id": "us-west-1",
            "names": [
              "us-west-1b",
              "us-west-1c"
            ],
            "state": "available",
            "timeouts": null,
            "zone_ids": [
              "usw1-az3",
              "usw1-az1"
            ]
          },
          "sensitive_attributes": []
        }
      ]
    },
    {
      "module": "module.vpc",
      "mode": "managed",
      "type": "aws_eip",
      "name": "eip",
      "provider": "provider[\"registry.terraform.io/hashicorp/aws\"]",
      "instances": [
        {
          "index_key": 0,
          "schema_version": 0,
          "attributes": {
            "address": null,
            "allocation_id": "eipalloc-0979a0d41461a5da5",
            "associate_with_private_ip": null,
            "association_id": "",
            "carrier_ip": "",
            "customer_owned_ip": "",
            "customer_owned_ipv4_pool": "",
            "domain": "vpc",
            "id": "eipalloc-0979a0d41461a5da5",
            "instance": "",
            "network_border_group": "us-west-1",
            "network_interface": "",
            "private_dns": null,
            "private_ip": "",
            "public_dns": "ec2-52-9-123-194.us-west-1.compute.amazonaws.com",
            "public_ip": "52.9.123.194",
            "public_ipv4_pool": "amazon",
            "tags": {
              "Name": "cml_eip0"
            },
            "tags_all": {
              "Name": "cml_eip0"
            },
            "timeouts": null,
            "vpc": true
          },
          "sensitive_attributes": [],
          "private": "eyJlMmJmYjczMC1lY2FhLTExZTYtOGY4OC0zNDM2M2JjN2M0YzAiOnsiZGVsZXRlIjoxODAwMDAwMDAwMDAsInJlYWQiOjkwMDAwMDAwMDAwMCwidXBkYXRlIjozMDAwMDAwMDAwMDB9fQ=="
        },
        {
          "index_key": 1,
          "schema_version": 0,
          "attributes": {
            "address": null,
            "allocation_id": "eipalloc-0aa13435a65c81a3f",
            "associate_with_private_ip": null,
            "association_id": "",
            "carrier_ip": "",
            "customer_owned_ip": "",
            "customer_owned_ipv4_pool": "",
            "domain": "vpc",
            "id": "eipalloc-0aa13435a65c81a3f",
            "instance": "",
            "network_border_group": "us-west-1",
            "network_interface": "",
            "private_dns": null,
            "private_ip": "",
            "public_dns": "ec2-52-9-163-183.us-west-1.compute.amazonaws.com",
            "public_ip": "52.9.163.183",
            "public_ipv4_pool": "amazon",
            "tags": {
              "Name": "cml_eip1"
            },
            "tags_all": {
              "Name": "cml_eip1"
            },
            "timeouts": null,
            "vpc": true
          },
          "sensitive_attributes": [],
          "private": "eyJlMmJmYjczMC1lY2FhLTExZTYtOGY4OC0zNDM2M2JjN2M0YzAiOnsiZGVsZXRlIjoxODAwMDAwMDAwMDAsInJlYWQiOjkwMDAwMDAwMDAwMCwidXBkYXRlIjozMDAwMDAwMDAwMDB9fQ=="
        },
        {
          "index_key": 2,
          "schema_version": 0,
          "attributes": {
            "address": null,
            "allocation_id": "eipalloc-01e0dec20c76babdc",
            "associate_with_private_ip": null,
            "association_id": "",
            "carrier_ip": "",
            "customer_owned_ip": "",
            "customer_owned_ipv4_pool": "",
            "domain": "vpc",
            "id": "eipalloc-01e0dec20c76babdc",
            "instance": "",
            "network_border_group": "us-west-1",
            "network_interface": "",
            "private_dns": null,
            "private_ip": "",
            "public_dns": "ec2-52-52-6-139.us-west-1.compute.amazonaws.com",
            "public_ip": "52.52.6.139",
            "public_ipv4_pool": "amazon",
            "tags": {
              "Name": "cml_eip2"
            },
            "tags_all": {
              "Name": "cml_eip2"
            },
            "timeouts": null,
            "vpc": true
          },
          "sensitive_attributes": [],
          "private": "eyJlMmJmYjczMC1lY2FhLTExZTYtOGY4OC0zNDM2M2JjN2M0YzAiOnsiZGVsZXRlIjoxODAwMDAwMDAwMDAsInJlYWQiOjkwMDAwMDAwMDAwMCwidXBkYXRlIjozMDAwMDAwMDAwMDB9fQ=="
        },
        {
          "index_key": 3,
          "schema_version": 0,
          "attributes": {
            "address": null,
            "allocation_id": "eipalloc-029a2b454f2d2ee92",
            "associate_with_private_ip": null,
            "association_id": "",
            "carrier_ip": "",
            "customer_owned_ip": "",
            "customer_owned_ipv4_pool": "",
            "domain": "vpc",
            "id": "eipalloc-029a2b454f2d2ee92",
            "instance": "",
            "network_border_group": "us-west-1",
            "network_interface": "",
            "private_dns": null,
            "private_ip": "",
            "public_dns": "ec2-52-53-67-156.us-west-1.compute.amazonaws.com",
            "public_ip": "52.53.67.156",
            "public_ipv4_pool": "amazon",
            "tags": {
              "Name": "cml_eip3"
            },
            "tags_all": {
              "Name": "cml_eip3"
            },
            "timeouts": null,
            "vpc": true
          },
          "sensitive_attributes": [],
          "private": "eyJlMmJmYjczMC1lY2FhLTExZTYtOGY4OC0zNDM2M2JjN2M0YzAiOnsiZGVsZXRlIjoxODAwMDAwMDAwMDAsInJlYWQiOjkwMDAwMDAwMDAwMCwidXBkYXRlIjozMDAwMDAwMDAwMDB9fQ=="
        }
      ]
    },
    {
      "module": "module.vpc",
      "mode": "managed",
      "type": "aws_internet_gateway",
      "name": "gw",
      "provider": "provider[\"registry.terraform.io/hashicorp/aws\"]",
      "instances": [
        {
          "schema_version": 0,
          "attributes": {
            "arn": "arn:aws:ec2:us-west-1:383452002839:internet-gateway/igw-05ced042d1b598a97",
            "id": "igw-05ced042d1b598a97",
            "owner_id": "383452002839",
            "tags": {
              "DataTaxonomy": "Cisco Operatoins Data",
              "Environment": "testing",
              "OwnerName": "",
              "ResourceOwner": "",
              "Security_Compliance": "yes",
              "ServiceName": "Security-stack"
            },
            "tags_all": {
              "DataTaxonomy": "Cisco Operatoins Data",
              "Environment": "testing",
              "OwnerName": "",
              "ResourceOwner": "",
              "Security_Compliance": "yes",
              "ServiceName": "Security-stack"
            },
            "timeouts": null,
            "vpc_id": "vpc-020397d4a457e57fb"
          },
          "sensitive_attributes": [],
          "private": "eyJlMmJmYjczMC1lY2FhLTExZTYtOGY4OC0zNDM2M2JjN2M0YzAiOnsiY3JlYXRlIjoxMjAwMDAwMDAwMDAwLCJkZWxldGUiOjEyMDAwMDAwMDAwMDAsInVwZGF0ZSI6MTIwMDAwMDAwMDAwMH19",
          "dependencies": [
            "module.vpc.aws_vpc.vpc"
          ]
        }
      ]
    },
    {
      "module": "module.vpc",
      "mode": "managed",
      "type": "aws_route_table",
      "name": "rtbl",
      "provider": "provider[\"registry.terraform.io/hashicorp/aws\"]",
      "instances": [
        {
          "schema_version": 0,
          "attributes": {
            "arn": "arn:aws:ec2:us-west-1:383452002839:route-table/rtb-0ea7bd32431a71bd3",
            "id": "rtb-0ea7bd32431a71bd3",
            "owner_id": "383452002839",
            "propagating_vgws": [],
            "route": [
              {
                "carrier_gateway_id": "",
                "cidr_block": "0.0.0.0/0",
                "core_network_arn": "",
                "destination_prefix_list_id": "",
                "egress_only_gateway_id": "",
                "gateway_id": "igw-05ced042d1b598a97",
                "instance_id": "",
                "ipv6_cidr_block": "",
                "local_gateway_id": "",
                "nat_gateway_id": "",
                "network_interface_id": "",
                "transit_gateway_id": "",
                "vpc_endpoint_id": "",
                "vpc_peering_connection_id": ""
              }
            ],
            "tags": {
              "DataTaxonomy": "Cisco Operatoins Data",
              "Environment": "testing",
              "OwnerName": "",
              "ResourceOwner": "",
              "Security_Compliance": "yes",
              "ServiceName": "Security-stack"
            },
            "tags_all": {
              "DataTaxonomy": "Cisco Operatoins Data",
              "Environment": "testing",
              "OwnerName": "",
              "ResourceOwner": "",
              "Security_Compliance": "yes",
              "ServiceName": "Security-stack"
            },
            "timeouts": null,
            "vpc_id": "vpc-020397d4a457e57fb"
          },
          "sensitive_attributes": [],
          "private": "eyJlMmJmYjczMC1lY2FhLTExZTYtOGY4OC0zNDM2M2JjN2M0YzAiOnsiY3JlYXRlIjozMDAwMDAwMDAwMDAsImRlbGV0ZSI6MzAwMDAwMDAwMDAwLCJ1cGRhdGUiOjEyMDAwMDAwMDAwMH19",
          "dependencies": [
            "module.vpc.aws_internet_gateway.gw",
            "module.vpc.aws_vpc.vpc"
          ]
        }
      ]
    },
    {
      "module": "module.vpc",
      "mode": "managed",
      "type": "aws_route_table_association",
      "name": "public-subnet-1-route-table-association",
      "provider": "provider[\"registry.terraform.io/hashicorp/aws\"]",
      "instances": [
        {
          "schema_version": 0,
          "attributes": {
            "gateway_id": "",
            "id": "rtbassoc-0e455af0085876231",
            "route_table_id": "rtb-0ea7bd32431a71bd3",
            "subnet_id": "subnet-01b2e3806842d0fd6"
          },
          "sensitive_attributes": [],
          "private": "bnVsbA==",
          "dependencies": [
            "module.vpc.aws_internet_gateway.gw",
            "module.vpc.aws_route_table.rtbl",
            "module.vpc.aws_subnet.pub-sub2",
            "module.vpc.aws_vpc.vpc",
            "module.vpc.data.aws_availability_zones.azs"
          ]
        }
      ]
    },
    {
      "module": "module.vpc",
      "mode": "managed",
      "type": "aws_security_group",
      "name": "sg",
      "provider": "provider[\"registry.terraform.io/hashicorp/aws\"]",
      "instances": [
        {
          "schema_version": 1,
          "attributes": {
            "arn": "arn:aws:ec2:us-west-1:383452002839:security-group/sg-08f19ad2bf9b5ecce",
            "description": "Managed by Terraform",
            "egress": [
              {
                "cidr_blocks": [
                  "0.0.0.0/0"
                ],
                "description": "",
                "from_port": 0,
                "ipv6_cidr_blocks": [],
                "prefix_list_ids": [],
                "protocol": "-1",
                "security_groups": [],
                "self": false,
                "to_port": 0
              }
            ],
            "id": "sg-08f19ad2bf9b5ecce",
            "ingress": [
              {
                "cidr_blocks": [
                  "128.107.241.160/27"
                ],
                "description": "TLS from VPC",
                "from_port": 22,
                "ipv6_cidr_blocks": [],
                "prefix_list_ids": [],
                "protocol": "tcp",
                "security_groups": [],
                "self": false,
                "to_port": 22
              },
              {
                "cidr_blocks": [
                  "173.36.224.108/32"
                ],
                "description": "TLS from VPC",
                "from_port": 22,
                "ipv6_cidr_blocks": [],
                "prefix_list_ids": [],
                "protocol": "tcp",
                "security_groups": [],
                "self": false,
                "to_port": 22
              },
              {
                "cidr_blocks": [
                  "173.36.240.160/27"
                ],
                "description": "TLS from VPC",
                "from_port": 22,
                "ipv6_cidr_blocks": [],
                "prefix_list_ids": [],
                "protocol": "tcp",
                "security_groups": [],
                "self": false,
                "to_port": 22
              },
              {
                "cidr_blocks": [
                  "173.38.220.32/27"
                ],
                "description": "TLS from VPC",
                "from_port": 22,
                "ipv6_cidr_blocks": [],
                "prefix_list_ids": [],
                "protocol": "tcp",
                "security_groups": [],
                "self": false,
                "to_port": 22
              },
              {
                "cidr_blocks": [
                  "64.104.125.224/27"
                ],
                "description": "TLS from VPC",
                "from_port": 22,
                "ipv6_cidr_blocks": [],
                "prefix_list_ids": [],
                "protocol": "tcp",
                "security_groups": [],
                "self": false,
                "to_port": 22
              },
              {
                "cidr_blocks": [
                  "64.104.44.96/27"
                ],
                "description": "TLS from VPC",
                "from_port": 22,
                "ipv6_cidr_blocks": [],
                "prefix_list_ids": [],
                "protocol": "tcp",
                "security_groups": [],
                "self": false,
                "to_port": 22
              },
              {
                "cidr_blocks": [
                  "72.163.0.0/16"
                ],
                "description": "TLS from VPC",
                "from_port": 22,
                "ipv6_cidr_blocks": [],
                "prefix_list_ids": [],
                "protocol": "tcp",
                "security_groups": [],
                "self": false,
                "to_port": 22
              },
              {
                "cidr_blocks": [
                  "72.163.217.96/27"
                ],
                "description": "TLS from VPC",
                "from_port": 22,
                "ipv6_cidr_blocks": [],
                "prefix_list_ids": [],
                "protocol": "tcp",
                "security_groups": [],
                "self": false,
                "to_port": 22
              },
              {
                "cidr_blocks": [
                  "72.163.220.0/27"
                ],
                "description": "TLS from VPC",
                "from_port": 22,
                "ipv6_cidr_blocks": [],
                "prefix_list_ids": [],
                "protocol": "tcp",
                "security_groups": [],
                "self": false,
                "to_port": 22
              }
            ],
            "name": "cml-security-group",
            "name_prefix": "",
            "owner_id": "383452002839",
            "revoke_rules_on_delete": false,
            "tags": {
              "DataTaxonomy": "Cisco Operatoins Data",
              "Environment": "testing",
              "OwnerName": "",
              "ResourceOwner": "",
              "Security_Compliance": "yes",
              "ServiceName": "Security-stack"
            },
            "tags_all": {
              "DataTaxonomy": "Cisco Operatoins Data",
              "Environment": "testing",
              "OwnerName": "",
              "ResourceOwner": "",
              "Security_Compliance": "yes",
              "ServiceName": "Security-stack"
            },
            "timeouts": null,
            "vpc_id": "vpc-020397d4a457e57fb"
          },
          "sensitive_attributes": [],
          "private": "eyJlMmJmYjczMC1lY2FhLTExZTYtOGY4OC0zNDM2M2JjN2M0YzAiOnsiY3JlYXRlIjo2MDAwMDAwMDAwMDAsImRlbGV0ZSI6OTAwMDAwMDAwMDAwfSwic2NoZW1hX3ZlcnNpb24iOiIxIn0=",
          "dependencies": [
            "module.vpc.aws_vpc.vpc"
          ]
        }
      ]
    },
    {
      "module": "module.vpc",
      "mode": "managed",
      "type": "aws_subnet",
      "name": "private-sub1",
      "provider": "provider[\"registry.terraform.io/hashicorp/aws\"]",
      "instances": [
        {
          "schema_version": 1,
          "attributes": {
            "arn": "arn:aws:ec2:us-west-1:383452002839:subnet/subnet-0d3097fc8e1d47e15",
            "assign_ipv6_address_on_creation": false,
            "availability_zone": "us-west-1b",
            "availability_zone_id": "usw1-az3",
            "cidr_block": "10.0.30.0/24",
            "customer_owned_ipv4_pool": "",
            "enable_dns64": false,
            "enable_resource_name_dns_a_record_on_launch": false,
            "enable_resource_name_dns_aaaa_record_on_launch": false,
            "id": "subnet-0d3097fc8e1d47e15",
            "ipv6_cidr_block": "",
            "ipv6_cidr_block_association_id": "",
            "ipv6_native": false,
            "map_customer_owned_ip_on_launch": false,
            "map_public_ip_on_launch": false,
            "outpost_arn": "",
            "owner_id": "383452002839",
            "private_dns_hostname_type_on_launch": "ip-name",
            "tags": {
              "DataTaxonomy": "Cisco Operatoins Data",
              "Environment": "testing",
              "OwnerName": "",
              "ResourceOwner": "",
              "Security_Compliance": "yes",
              "ServiceName": "Security-stack"
            },
            "tags_all": {
              "DataTaxonomy": "Cisco Operatoins Data",
              "Environment": "testing",
              "OwnerName": "",
              "ResourceOwner": "",
              "Security_Compliance": "yes",
              "ServiceName": "Security-stack"
            },
            "timeouts": null,
            "vpc_id": "vpc-020397d4a457e57fb"
          },
          "sensitive_attributes": [],
          "private": "eyJlMmJmYjczMC1lY2FhLTExZTYtOGY4OC0zNDM2M2JjN2M0YzAiOnsiY3JlYXRlIjo2MDAwMDAwMDAwMDAsImRlbGV0ZSI6MTIwMDAwMDAwMDAwMH0sInNjaGVtYV92ZXJzaW9uIjoiMSJ9",
          "dependencies": [
            "module.vpc.aws_vpc.vpc",
            "module.vpc.data.aws_availability_zones.azs"
          ]
        }
      ]
    },
    {
      "module": "module.vpc",
      "mode": "managed",
      "type": "aws_subnet",
      "name": "private-sub2",
      "provider": "provider[\"registry.terraform.io/hashicorp/aws\"]",
      "instances": [
        {
          "schema_version": 1,
          "attributes": {
            "arn": "arn:aws:ec2:us-west-1:383452002839:subnet/subnet-0069fa6ff0e933d9f",
            "assign_ipv6_address_on_creation": false,
            "availability_zone": "us-west-1c",
            "availability_zone_id": "usw1-az1",
            "cidr_block": "10.0.40.0/24",
            "customer_owned_ipv4_pool": "",
            "enable_dns64": false,
            "enable_resource_name_dns_a_record_on_launch": false,
            "enable_resource_name_dns_aaaa_record_on_launch": false,
            "id": "subnet-0069fa6ff0e933d9f",
            "ipv6_cidr_block": "",
            "ipv6_cidr_block_association_id": "",
            "ipv6_native": false,
            "map_customer_owned_ip_on_launch": false,
            "map_public_ip_on_launch": false,
            "outpost_arn": "",
            "owner_id": "383452002839",
            "private_dns_hostname_type_on_launch": "ip-name",
            "tags": {
              "DataTaxonomy": "Cisco Operatoins Data",
              "Environment": "testing",
              "OwnerName": "",
              "ResourceOwner": "",
              "Security_Compliance": "yes",
              "ServiceName": "Security-stack"
            },
            "tags_all": {
              "DataTaxonomy": "Cisco Operatoins Data",
              "Environment": "testing",
              "OwnerName": "",
              "ResourceOwner": "",
              "Security_Compliance": "yes",
              "ServiceName": "Security-stack"
            },
            "timeouts": null,
            "vpc_id": "vpc-020397d4a457e57fb"
          },
          "sensitive_attributes": [],
          "private": "eyJlMmJmYjczMC1lY2FhLTExZTYtOGY4OC0zNDM2M2JjN2M0YzAiOnsiY3JlYXRlIjo2MDAwMDAwMDAwMDAsImRlbGV0ZSI6MTIwMDAwMDAwMDAwMH0sInNjaGVtYV92ZXJzaW9uIjoiMSJ9",
          "dependencies": [
            "module.vpc.aws_vpc.vpc",
            "module.vpc.data.aws_availability_zones.azs"
          ]
        }
      ]
    },
    {
      "module": "module.vpc",
      "mode": "managed",
      "type": "aws_subnet",
      "name": "pub-sub1",
      "provider": "provider[\"registry.terraform.io/hashicorp/aws\"]",
      "instances": [
        {
          "schema_version": 1,
          "attributes": {
            "arn": "arn:aws:ec2:us-west-1:383452002839:subnet/subnet-06265c3c19df7da03",
            "assign_ipv6_address_on_creation": false,
            "availability_zone": "us-west-1b",
            "availability_zone_id": "usw1-az3",
            "cidr_block": "10.0.10.0/24",
            "customer_owned_ipv4_pool": "",
            "enable_dns64": false,
            "enable_resource_name_dns_a_record_on_launch": false,
            "enable_resource_name_dns_aaaa_record_on_launch": false,
            "id": "subnet-06265c3c19df7da03",
            "ipv6_cidr_block": "",
            "ipv6_cidr_block_association_id": "",
            "ipv6_native": false,
            "map_customer_owned_ip_on_launch": false,
            "map_public_ip_on_launch": true,
            "outpost_arn": "",
            "owner_id": "383452002839",
            "private_dns_hostname_type_on_launch": "ip-name",
            "tags": {
              "DataTaxonomy": "Cisco Operatoins Data",
              "Environment": "testing",
              "OwnerName": "",
              "ResourceOwner": "",
              "Security_Compliance": "yes",
              "ServiceName": "Security-stack"
            },
            "tags_all": {
              "DataTaxonomy": "Cisco Operatoins Data",
              "Environment": "testing",
              "OwnerName": "",
              "ResourceOwner": "",
              "Security_Compliance": "yes",
              "ServiceName": "Security-stack"
            },
            "timeouts": null,
            "vpc_id": "vpc-020397d4a457e57fb"
          },
          "sensitive_attributes": [],
          "private": "eyJlMmJmYjczMC1lY2FhLTExZTYtOGY4OC0zNDM2M2JjN2M0YzAiOnsiY3JlYXRlIjo2MDAwMDAwMDAwMDAsImRlbGV0ZSI6MTIwMDAwMDAwMDAwMH0sInNjaGVtYV92ZXJzaW9uIjoiMSJ9",
          "dependencies": [
            "module.vpc.aws_vpc.vpc",
            "module.vpc.data.aws_availability_zones.azs"
          ]
        }
      ]
    },
    {
      "module": "module.vpc",
      "mode": "managed",
      "type": "aws_subnet",
      "name": "pub-sub2",
      "provider": "provider[\"registry.terraform.io/hashicorp/aws\"]",
      "instances": [
        {
          "schema_version": 1,
          "attributes": {
            "arn": "arn:aws:ec2:us-west-1:383452002839:subnet/subnet-01b2e3806842d0fd6",
            "assign_ipv6_address_on_creation": false,
            "availability_zone": "us-west-1c",
            "availability_zone_id": "usw1-az1",
            "cidr_block": "10.0.20.0/24",
            "customer_owned_ipv4_pool": "",
            "enable_dns64": false,
            "enable_resource_name_dns_a_record_on_launch": false,
            "enable_resource_name_dns_aaaa_record_on_launch": false,
            "id": "subnet-01b2e3806842d0fd6",
            "ipv6_cidr_block": "",
            "ipv6_cidr_block_association_id": "",
            "ipv6_native": false,
            "map_customer_owned_ip_on_launch": false,
            "map_public_ip_on_launch": true,
            "outpost_arn": "",
            "owner_id": "383452002839",
            "private_dns_hostname_type_on_launch": "ip-name",
            "tags": {
              "DataTaxonomy": "Cisco Operatoins Data",
              "Environment": "testing",
              "OwnerName": "",
              "ResourceOwner": "",
              "Security_Compliance": "yes",
              "ServiceName": "Security-stack"
            },
            "tags_all": {
              "DataTaxonomy": "Cisco Operatoins Data",
              "Environment": "testing",
              "OwnerName": "",
              "ResourceOwner": "",
              "Security_Compliance": "yes",
              "ServiceName": "Security-stack"
            },
            "timeouts": null,
            "vpc_id": "vpc-020397d4a457e57fb"
          },
          "sensitive_attributes": [],
          "private": "eyJlMmJmYjczMC1lY2FhLTExZTYtOGY4OC0zNDM2M2JjN2M0YzAiOnsiY3JlYXRlIjo2MDAwMDAwMDAwMDAsImRlbGV0ZSI6MTIwMDAwMDAwMDAwMH0sInNjaGVtYV92ZXJzaW9uIjoiMSJ9",
          "dependencies": [
            "module.vpc.aws_vpc.vpc",
            "module.vpc.data.aws_availability_zones.azs"
          ]
        }
      ]
    },
    {
      "module": "module.vpc",
      "mode": "managed",
      "type": "aws_vpc",
      "name": "vpc",
      "provider": "provider[\"registry.terraform.io/hashicorp/aws\"]",
      "instances": [
        {
          "schema_version": 1,
          "attributes": {
            "arn": "arn:aws:ec2:us-west-1:383452002839:vpc/vpc-020397d4a457e57fb",
            "assign_generated_ipv6_cidr_block": false,
            "cidr_block": "10.0.0.0/16",
            "default_network_acl_id": "acl-02f5e4dd8bdc467db",
            "default_route_table_id": "rtb-02ab290876124da3e",
            "default_security_group_id": "sg-0209cb9e7edbb37db",
            "dhcp_options_id": "dopt-0cdf1b7cb4f287a66",
            "enable_classiclink": false,
            "enable_classiclink_dns_support": false,
            "enable_dns_hostnames": false,
            "enable_dns_support": true,
            "enable_network_address_usage_metrics": false,
            "id": "vpc-020397d4a457e57fb",
            "instance_tenancy": "default",
            "ipv4_ipam_pool_id": null,
            "ipv4_netmask_length": null,
            "ipv6_association_id": "",
            "ipv6_cidr_block": "",
            "ipv6_cidr_block_network_border_group": "",
            "ipv6_ipam_pool_id": "",
            "ipv6_netmask_length": 0,
            "main_route_table_id": "rtb-02ab290876124da3e",
            "owner_id": "383452002839",
            "tags": {
              "DataTaxonomy": "Cisco Operatoins Data",
              "Environment": "testing",
              "OwnerName": "",
              "ResourceOwner": "",
              "Security_Compliance": "yes",
              "ServiceName": "Security-stack"
            },
            "tags_all": {
              "DataTaxonomy": "Cisco Operatoins Data",
              "Environment": "testing",
              "OwnerName": "",
              "ResourceOwner": "",
              "Security_Compliance": "yes",
              "ServiceName": "Security-stack"
            }
          },
          "sensitive_attributes": [],
          "private": "eyJzY2hlbWFfdmVyc2lvbiI6IjEifQ=="
        }
      ]
    }
  ]
}
