{
  "version": 4,
  "terraform_version": "1.2.4",
  "serial": 102,
  "lineage": "c598e13c-4f46-5d9f-a95d-647abada75e7",
  "outputs": {
    "instance_ip": {
      "value": [
        "18.144.35.46"
      ],
      "type": [
        "tuple",
        [
          "string"
        ]
      ]
    }
  },
  "resources": [
    {
      "module": "module.iam",
      "mode": "data",
      "type": "aws_iam_policy",
      "name": "instance_profile_policy",
      "provider": "provider[\"registry.terraform.io/hashicorp/aws\"]",
      "instances": [
        {
          "schema_version": 0,
          "attributes": {
            "arn": "arn:aws:iam::aws:policy/AmazonSSMFullAccess",
            "description": "Provides full access to Amazon SSM.",
            "id": "arn:aws:iam::aws:policy/AmazonSSMFullAccess",
            "name": "AmazonSSMFullAccess",
            "path": "/",
            "path_prefix": null,
            "policy": "{\n  \"Version\": \"2012-10-17\",\n  \"Statement\": [\n    {\n      \"Effect\": \"Allow\",\n      \"Action\": [\n        \"cloudwatch:PutMetricData\",\n        \"ds:CreateComputer\",\n        \"ds:DescribeDirectories\",\n        \"ec2:DescribeInstanceStatus\",\n        \"logs:*\",\n        \"ssm:*\",\n        \"ec2messages:*\"\n      ],\n      \"Resource\": \"*\"\n    },\n    {\n      \"Effect\": \"Allow\",\n      \"Action\": \"iam:CreateServiceLinkedRole\",\n      \"Resource\": \"arn:aws:iam::*:role/aws-service-role/ssm.amazonaws.com/AWSServiceRoleForAmazonSSM*\",\n      \"Condition\": {\n        \"StringLike\": {\n          \"iam:AWSServiceName\": \"ssm.amazonaws.com\"\n        }\n      }\n    },\n    {\n      \"Effect\": \"Allow\",\n      \"Action\": [\n        \"iam:DeleteServiceLinkedRole\",\n        \"iam:GetServiceLinkedRoleDeletionStatus\"\n      ],\n      \"Resource\": \"arn:aws:iam::*:role/aws-service-role/ssm.amazonaws.com/AWSServiceRoleForAmazonSSM*\"\n    },\n    {\n      \"Effect\": \"Allow\",\n      \"Action\": [\n         \"ssmmessages:CreateControlChannel\",\n         \"ssmmessages:CreateDataChannel\",\n         \"ssmmessages:OpenControlChannel\",\n         \"ssmmessages:OpenDataChannel\"\n      ],\n      \"Resource\": \"*\"\n    }\n  ]\n}",
            "policy_id": "ANPAJA7V6HI4ISQFMDYAG",
            "tags": {}
          },
          "sensitive_attributes": []
        }
      ]
    },
    {
      "module": "module.iam",
      "mode": "managed",
      "type": "aws_iam_instance_profile",
      "name": "test_profile",
      "provider": "provider[\"registry.terraform.io/hashicorp/aws\"]",
      "instances": [
        {
          "schema_version": 0,
          "attributes": {
            "arn": "arn:aws:iam::383452002839:instance-profile/ssm_instance_profile-s",
            "create_date": "2022-11-28T10:36:35Z",
            "id": "ssm_instance_profile-s",
            "name": "ssm_instance_profile-s",
            "name_prefix": null,
            "path": "/",
            "role": "AWS-SSM-Role-s",
            "tags": null,
            "tags_all": {},
            "unique_id": "AIPAVSR4FHIL7CQW5EMMZ"
          },
          "sensitive_attributes": [],
          "private": "bnVsbA==",
          "dependencies": [
            "module.iam.aws_iam_role.ssm-role",
            "module.vpc.aws_eip.eip",
            "module.vpc.aws_internet_gateway.gw",
            "module.vpc.aws_route_table.rtbl",
            "module.vpc.aws_route_table_association.public-subnet-1-route-table-association",
            "module.vpc.aws_security_group.sg",
            "module.vpc.aws_subnet.private-sub1",
            "module.vpc.aws_subnet.private-sub2",
            "module.vpc.aws_subnet.pub-sub1",
            "module.vpc.aws_subnet.pub-sub2",
            "module.vpc.aws_vpc.vpc",
            "module.vpc.data.aws_availability_zones.azs"
          ]
        }
      ]
    },
    {
      "module": "module.iam",
      "mode": "managed",
      "type": "aws_iam_policy_attachment",
      "name": "instance_profile_policyattachment",
      "provider": "provider[\"registry.terraform.io/hashicorp/aws\"]",
      "instances": [
        {
          "schema_version": 0,
          "attributes": {
            "groups": null,
            "id": "instance_profile-s",
            "name": "instance_profile-s",
            "policy_arn": "arn:aws:iam::aws:policy/AmazonSSMFullAccess",
            "roles": [
              "AWS-SSM-Role-s"
            ],
            "users": null
          },
          "sensitive_attributes": [],
          "private": "bnVsbA==",
          "dependencies": [
            "module.iam.aws_iam_role.ssm-role",
            "module.iam.data.aws_iam_policy.instance_profile_policy",
            "module.vpc.aws_eip.eip",
            "module.vpc.aws_internet_gateway.gw",
            "module.vpc.aws_route_table.rtbl",
            "module.vpc.aws_route_table_association.public-subnet-1-route-table-association",
            "module.vpc.aws_security_group.sg",
            "module.vpc.aws_subnet.private-sub1",
            "module.vpc.aws_subnet.private-sub2",
            "module.vpc.aws_subnet.pub-sub1",
            "module.vpc.aws_subnet.pub-sub2",
            "module.vpc.aws_vpc.vpc",
            "module.vpc.data.aws_availability_zones.azs"
          ]
        }
      ]
    },
    {
      "module": "module.iam",
      "mode": "managed",
      "type": "aws_iam_role",
      "name": "ssm-role",
      "provider": "provider[\"registry.terraform.io/hashicorp/aws\"]",
      "instances": [
        {
          "schema_version": 0,
          "attributes": {
            "arn": "arn:aws:iam::383452002839:role/AWS-SSM-Role-s",
            "assume_role_policy": "{\"Statement\":[{\"Action\":\"sts:AssumeRole\",\"Effect\":\"Allow\",\"Principal\":{\"Service\":\"ec2.amazonaws.com\"}}],\"Version\":\"2012-10-17\"}",
            "create_date": "2022-11-28T10:36:33Z",
            "description": "",
            "force_detach_policies": false,
            "id": "AWS-SSM-Role-s",
            "inline_policy": [],
            "managed_policy_arns": [],
            "max_session_duration": 3600,
            "name": "AWS-SSM-Role-s",
            "name_prefix": "",
            "path": "/",
            "permissions_boundary": null,
            "tags": {
              "DataTaxonomy": "Cisco Operatoins Data",
              "Environment": "testing",
              "OwnerName": "",
              "ResourceOwner": "",
              "Security_Compliance": "yes",
              "ServiceName": "Security-stack",
              "project_name": "cml_on_aws"
            },
            "tags_all": {
              "DataTaxonomy": "Cisco Operatoins Data",
              "Environment": "testing",
              "OwnerName": "",
              "ResourceOwner": "",
              "Security_Compliance": "yes",
              "ServiceName": "Security-stack",
              "project_name": "cml_on_aws"
            },
            "unique_id": "AROAVSR4FHILZBESBVZG5"
          },
          "sensitive_attributes": [],
          "private": "bnVsbA==",
          "dependencies": [
            "module.vpc.aws_eip.eip",
            "module.vpc.aws_internet_gateway.gw",
            "module.vpc.aws_route_table.rtbl",
            "module.vpc.aws_route_table_association.public-subnet-1-route-table-association",
            "module.vpc.aws_security_group.sg",
            "module.vpc.aws_subnet.private-sub1",
            "module.vpc.aws_subnet.private-sub2",
            "module.vpc.aws_subnet.pub-sub1",
            "module.vpc.aws_subnet.pub-sub2",
            "module.vpc.aws_vpc.vpc",
            "module.vpc.data.aws_availability_zones.azs"
          ]
        }
      ]
    },
    {
      "module": "module.stack_1",
      "mode": "data",
      "type": "aws_availability_zones",
      "name": "azs",
      "provider": "provider[\"registry.terraform.io/hashicorp/aws\"]",
      "instances": [
        {
          "schema_version": 0,
          "attributes": {
            "all_availability_zones": null,
            "exclude_names": null,
            "exclude_zone_ids": null,
            "filter": null,
            "group_names": [
              "us-west-1"
            ],
            "id": "us-west-1",
            "names": [
              "us-west-1b",
              "us-west-1c"
            ],
            "state": "available",
            "timeouts": null,
            "zone_ids": [
              "usw1-az3",
              "usw1-az1"
            ]
          },
          "sensitive_attributes": []
        }
      ]
    },
    {
      "module": "module.stack_1",
      "mode": "data",
      "type": "aws_iam_instance_profile",
      "name": "instance_profile",
      "provider": "provider[\"registry.terraform.io/hashicorp/aws\"]",
      "instances": [
        {
          "schema_version": 0,
          "attributes": {
            "arn": "arn:aws:iam::383452002839:instance-profile/ssm_instance_profile-s",
            "create_date": "2022-11-28 10:36:35 +0000 UTC",
            "id": "AIPAVSR4FHIL7CQW5EMMZ",
            "name": "ssm_instance_profile-s",
            "path": "/",
            "role_arn": "arn:aws:iam::383452002839:role/AWS-SSM-Role-s",
            "role_id": "AROAVSR4FHILZBESBVZG5",
            "role_name": "AWS-SSM-Role-s"
          },
          "sensitive_attributes": []
        }
      ]
    },
    {
      "module": "module.stack_1",
      "mode": "data",
      "type": "aws_security_group",
      "name": "selected",
      "provider": "provider[\"registry.terraform.io/hashicorp/aws\"]",
      "instances": [
        {
          "schema_version": 0,
          "attributes": {
            "arn": "arn:aws:ec2:us-west-1:383452002839:security-group/sg-041dee03c1c84161b",
            "description": "Managed by Terraform",
            "filter": null,
            "id": "sg-041dee03c1c84161b",
            "name": "cml-security-group",
            "tags": {
              "DataTaxonomy": "Cisco Operatoins Data",
              "Environment": "testing",
              "OwnerName": "",
              "ResourceOwner": "",
              "Security_Compliance": "yes",
              "ServiceName": "Security-stack",
              "project_name": "cml_on_aws"
            },
            "timeouts": null,
            "vpc_id": "vpc-07c72133b9c3b00fd"
          },
          "sensitive_attributes": []
        }
      ]
    },
    {
      "module": "module.stack_1",
      "mode": "managed",
      "type": "aws_eip_association",
      "name": "eip_assoc",
      "provider": "provider[\"registry.terraform.io/hashicorp/aws\"]",
      "instances": [
        {
          "index_key": 0,
          "schema_version": 0,
          "attributes": {
            "allocation_id": "eipalloc-0f445b96bf3202be9",
            "allow_reassociation": null,
            "id": "eipassoc-02fd2444ca4ce450c",
            "instance_id": "i-029130f2b61e9dd6d",
            "network_interface_id": "eni-0af1725f6bc207983",
            "private_ip_address": "10.0.20.71",
            "public_ip": "54.219.2.81"
          },
          "sensitive_attributes": [],
          "private": "bnVsbA==",
          "dependencies": [
            "module.iam.aws_iam_instance_profile.test_profile",
            "module.iam.aws_iam_policy_attachment.instance_profile_policyattachment",
            "module.iam.aws_iam_role.ssm-role",
            "module.iam.data.aws_iam_policy.instance_profile_policy",
            "module.stack_1.aws_instance.web-server",
            "module.stack_1.aws_key_pair.ssh",
            "module.stack_1.data.aws_iam_instance_profile.instance_profile",
            "module.stack_1.data.aws_security_group.selected",
            "module.vpc.aws_eip.eip",
            "module.vpc.aws_internet_gateway.gw",
            "module.vpc.aws_route_table.rtbl",
            "module.vpc.aws_route_table_association.public-subnet-1-route-table-association",
            "module.vpc.aws_security_group.sg",
            "module.vpc.aws_subnet.private-sub1",
            "module.vpc.aws_subnet.private-sub2",
            "module.vpc.aws_subnet.pub-sub1",
            "module.vpc.aws_subnet.pub-sub2",
            "module.vpc.aws_vpc.vpc",
            "module.vpc.data.aws_availability_zones.azs"
          ]
        }
      ]
    },
    {
      "module": "module.stack_1",
      "mode": "managed",
      "type": "aws_instance",
      "name": "web-server",
      "provider": "provider[\"registry.terraform.io/hashicorp/aws\"]",
      "instances": [
        {
          "index_key": 0,
          "schema_version": 1,
          "attributes": {
            "ami": "ami-017c001a88dd93847",
            "arn": "arn:aws:ec2:us-west-1:383452002839:instance/i-029130f2b61e9dd6d",
            "associate_public_ip_address": true,
            "availability_zone": "us-west-1c",
            "capacity_reservation_specification": [
              {
                "capacity_reservation_preference": "open",
                "capacity_reservation_target": []
              }
            ],
            "cpu_core_count": 1,
            "cpu_threads_per_core": 1,
            "credit_specification": [
              {
                "cpu_credits": "standard"
              }
            ],
            "disable_api_stop": false,
            "disable_api_termination": false,
            "ebs_block_device": [
              {
                "delete_on_termination": true,
                "device_name": "/dev/xvda",
                "encrypted": false,
                "iops": 100,
                "kms_key_id": "",
                "snapshot_id": "",
                "tags": {},
                "throughput": 0,
                "volume_id": "vol-0a25511ae4701f752",
                "volume_size": 10,
                "volume_type": "gp2"
              }
            ],
            "ebs_optimized": false,
            "enclave_options": [
              {
                "enabled": false
              }
            ],
            "ephemeral_block_device": [],
            "get_password_data": false,
            "hibernation": false,
            "host_id": null,
            "host_resource_group_arn": null,
            "iam_instance_profile": "ssm_instance_profile-s",
            "id": "i-029130f2b61e9dd6d",
            "instance_initiated_shutdown_behavior": "stop",
            "instance_state": "running",
            "instance_type": "t2.micro",
            "ipv6_address_count": 0,
            "ipv6_addresses": [],
            "key_name": "devops-cml",
            "launch_template": [],
            "maintenance_options": [
              {
                "auto_recovery": "default"
              }
            ],
            "metadata_options": [
              {
                "http_endpoint": "enabled",
                "http_put_response_hop_limit": 1,
                "http_tokens": "optional",
                "instance_metadata_tags": "disabled"
              }
            ],
            "monitoring": false,
            "network_interface": [],
            "outpost_arn": "",
            "password_data": "",
            "placement_group": "",
            "placement_partition_number": null,
            "primary_network_interface_id": "eni-0af1725f6bc207983",
            "private_dns": "ip-10-0-20-71.us-west-1.compute.internal",
            "private_dns_name_options": [
              {
                "enable_resource_name_dns_a_record": false,
                "enable_resource_name_dns_aaaa_record": false,
                "hostname_type": "ip-name"
              }
            ],
            "private_ip": "10.0.20.71",
            "public_dns": "",
            "public_ip": "18.144.35.46",
            "root_block_device": [
              {
                "delete_on_termination": true,
                "device_name": "/dev/xvda",
                "encrypted": false,
                "iops": 100,
                "kms_key_id": "",
                "tags": {},
                "throughput": 0,
                "volume_id": "vol-0a25511ae4701f752",
                "volume_size": 10,
                "volume_type": "gp2"
              }
            ],
            "secondary_private_ips": [],
            "security_groups": [],
            "source_dest_check": true,
            "subnet_id": "subnet-0485fbbbb32461ece",
            "tags": {
              "DataTaxonomy": "Cisco Operatoins Data",
              "Environment": "testing",
              "OwnerName": "",
              "ResourceOwner": "",
              "Security_Compliance": "yes",
              "ServiceName": "Security-stack",
              "project_name": "cml_on_aws"
            },
            "tags_all": {
              "DataTaxonomy": "Cisco Operatoins Data",
              "Environment": "testing",
              "OwnerName": "",
              "ResourceOwner": "",
              "Security_Compliance": "yes",
              "ServiceName": "Security-stack",
              "project_name": "cml_on_aws"
            },
            "tenancy": "default",
            "timeouts": null,
            "user_data": null,
            "user_data_base64": null,
            "user_data_replace_on_change": false,
            "volume_tags": null,
            "vpc_security_group_ids": [
              "sg-041dee03c1c84161b"
            ]
          },
          "sensitive_attributes": [],
          "private": "eyJlMmJmYjczMC1lY2FhLTExZTYtOGY4OC0zNDM2M2JjN2M0YzAiOnsiY3JlYXRlIjo2MDAwMDAwMDAwMDAsImRlbGV0ZSI6MTIwMDAwMDAwMDAwMCwidXBkYXRlIjo2MDAwMDAwMDAwMDB9LCJzY2hlbWFfdmVyc2lvbiI6IjEifQ==",
          "dependencies": [
            "module.iam.aws_iam_instance_profile.test_profile",
            "module.iam.aws_iam_policy_attachment.instance_profile_policyattachment",
            "module.iam.aws_iam_role.ssm-role",
            "module.iam.data.aws_iam_policy.instance_profile_policy",
            "module.stack_1.aws_key_pair.ssh",
            "module.stack_1.data.aws_iam_instance_profile.instance_profile",
            "module.stack_1.data.aws_security_group.selected",
            "module.vpc.aws_eip.eip",
            "module.vpc.aws_internet_gateway.gw",
            "module.vpc.aws_route_table.rtbl",
            "module.vpc.aws_route_table_association.public-subnet-1-route-table-association",
            "module.vpc.aws_security_group.sg",
            "module.vpc.aws_subnet.private-sub1",
            "module.vpc.aws_subnet.private-sub2",
            "module.vpc.aws_subnet.pub-sub1",
            "module.vpc.aws_subnet.pub-sub2",
            "module.vpc.aws_vpc.vpc",
            "module.vpc.data.aws_availability_zones.azs"
          ]
        }
      ]
    },
    {
      "module": "module.stack_1",
      "mode": "managed",
      "type": "aws_key_pair",
      "name": "ssh",
      "provider": "provider[\"registry.terraform.io/hashicorp/aws\"]",
      "instances": [
        {
          "schema_version": 1,
          "attributes": {
            "arn": "arn:aws:ec2:us-west-1:383452002839:key-pair/devops-cml",
            "fingerprint": "a7:64:7c:d4:e1:63:6a:47:8c:45:31:08:e0:52:ec:8e",
            "id": "devops-cml",
            "key_name": "devops-cml",
            "key_name_prefix": "",
            "key_pair_id": "key-07000c664ce9a42b4",
            "key_type": "rsa",
            "public_key": "ssh-rsa AAAAB3NzaC1yc2EAAAADAQABAAACAQDf19Z+ZYqMdbhZKK4pdsp4XJwHVmMQXJCH4EM2F0JRn2OxH7oKRyCi7ZbYSPdn43laRD0I6YEWO8earEejlD2IcwUsmReX6Ko33e0sZENdyGDb8mYyUQQIzHRaToolVnXDemER+rbRgQ2GolXUcqUMeRaHj15BxNcjL4FDARCD+QI5Yu52jCYj4kSdv3po4DC4Nz7mLFoLG/437Uw9Fvf592wknv8QglJ/Xcu32HvGCTgjk7I01s87pnufNYH476Lt0TRqZoi9MWGkJsi5sWgthO2ANeOq1YokJSFGQv1AbD72QYi99QkX4JZpzOtkDk3pVM65ECKPIoOUR+Oz0bgCp0gnm78nxXuEzXsPe3+95yn7o4oZexvb53es6xJACADhG7joHd4oQJYDnk4aaY8JYnLn6l9koKTkxid3LPyGlggbpv7Myi8Ao6yRxA1ncu7Gl8jBwzqquW08RJZps3oQD6mNeWeNEwMuERprFfVptxZYiwDmH7UjsPJAvcs6xUXcbmDXZkq3x+TWFebHdLUETK7F21Y5/BSTymqdY1FSIg/wmpRxZxnycGtQL/aMo/tJx7lOyGpeYsYP2CD1PTj2h7zzBobcDlK7SCwWvBegT7FZ9CsUAxCi3wUrbr85N++BEBHTWW8UL5JdfgCT+TYzCWtw9/hpDAaEXUxo5/M3Pw== cml-on-aws",
            "tags": null,
            "tags_all": {}
          },
          "sensitive_attributes": [],
          "private": "eyJzY2hlbWFfdmVyc2lvbiI6IjEifQ==",
          "dependencies": [
            "module.iam.aws_iam_instance_profile.test_profile",
            "module.iam.aws_iam_policy_attachment.instance_profile_policyattachment",
            "module.iam.aws_iam_role.ssm-role",
            "module.iam.data.aws_iam_policy.instance_profile_policy",
            "module.vpc.aws_eip.eip",
            "module.vpc.aws_internet_gateway.gw",
            "module.vpc.aws_route_table.rtbl",
            "module.vpc.aws_route_table_association.public-subnet-1-route-table-association",
            "module.vpc.aws_security_group.sg",
            "module.vpc.aws_subnet.private-sub1",
            "module.vpc.aws_subnet.private-sub2",
            "module.vpc.aws_subnet.pub-sub1",
            "module.vpc.aws_subnet.pub-sub2",
            "module.vpc.aws_vpc.vpc",
            "module.vpc.data.aws_availability_zones.azs"
          ]
        }
      ]
    },
    {
      "module": "module.vpc",
      "mode": "data",
      "type": "aws_availability_zones",
      "name": "azs",
      "provider": "provider[\"registry.terraform.io/hashicorp/aws\"]",
      "instances": [
        {
          "schema_version": 0,
          "attributes": {
            "all_availability_zones": null,
            "exclude_names": null,
            "exclude_zone_ids": null,
            "filter": null,
            "group_names": [
              "us-west-1"
            ],
            "id": "us-west-1",
            "names": [
              "us-west-1b",
              "us-west-1c"
            ],
            "state": "available",
            "timeouts": null,
            "zone_ids": [
              "usw1-az3",
              "usw1-az1"
            ]
          },
          "sensitive_attributes": []
        }
      ]
    },
    {
      "module": "module.vpc",
      "mode": "managed",
      "type": "aws_eip",
      "name": "eip",
      "provider": "provider[\"registry.terraform.io/hashicorp/aws\"]",
      "instances": [
        {
          "index_key": 0,
          "schema_version": 0,
          "attributes": {
            "address": null,
            "allocation_id": "eipalloc-0f445b96bf3202be9",
            "associate_with_private_ip": null,
            "association_id": "",
            "carrier_ip": "",
            "customer_owned_ip": "",
            "customer_owned_ipv4_pool": "",
            "domain": "vpc",
            "id": "eipalloc-0f445b96bf3202be9",
            "instance": "",
            "network_border_group": "us-west-1",
            "network_interface": "",
            "private_dns": null,
            "private_ip": "",
            "public_dns": "ec2-54-219-2-81.us-west-1.compute.amazonaws.com",
            "public_ip": "54.219.2.81",
            "public_ipv4_pool": "amazon",
            "tags": {
              "Name": "cml_eip-0"
            },
            "tags_all": {
              "Name": "cml_eip-0"
            },
            "timeouts": null,
            "vpc": true
          },
          "sensitive_attributes": [],
          "private": "eyJlMmJmYjczMC1lY2FhLTExZTYtOGY4OC0zNDM2M2JjN2M0YzAiOnsiZGVsZXRlIjoxODAwMDAwMDAwMDAsInJlYWQiOjkwMDAwMDAwMDAwMCwidXBkYXRlIjozMDAwMDAwMDAwMDB9fQ=="
        },
        {
          "index_key": 1,
          "schema_version": 0,
          "attributes": {
            "address": null,
            "allocation_id": "eipalloc-06b8a9d2d4c4cad4f",
            "associate_with_private_ip": null,
            "association_id": "",
            "carrier_ip": "",
            "customer_owned_ip": "",
            "customer_owned_ipv4_pool": "",
            "domain": "vpc",
            "id": "eipalloc-06b8a9d2d4c4cad4f",
            "instance": "",
            "network_border_group": "us-west-1",
            "network_interface": "",
            "private_dns": null,
            "private_ip": "",
            "public_dns": "ec2-204-236-149-138.us-west-1.compute.amazonaws.com",
            "public_ip": "204.236.149.138",
            "public_ipv4_pool": "amazon",
            "tags": {
              "Name": "cml_eip-1"
            },
            "tags_all": {
              "Name": "cml_eip-1"
            },
            "timeouts": null,
            "vpc": true
          },
          "sensitive_attributes": [],
          "private": "eyJlMmJmYjczMC1lY2FhLTExZTYtOGY4OC0zNDM2M2JjN2M0YzAiOnsiZGVsZXRlIjoxODAwMDAwMDAwMDAsInJlYWQiOjkwMDAwMDAwMDAwMCwidXBkYXRlIjozMDAwMDAwMDAwMDB9fQ=="
        },
        {
          "index_key": 2,
          "schema_version": 0,
          "attributes": {
            "address": null,
            "allocation_id": "eipalloc-06947284c6209babe",
            "associate_with_private_ip": null,
            "association_id": "",
            "carrier_ip": "",
            "customer_owned_ip": "",
            "customer_owned_ipv4_pool": "",
            "domain": "vpc",
            "id": "eipalloc-06947284c6209babe",
            "instance": "",
            "network_border_group": "us-west-1",
            "network_interface": "",
            "private_dns": null,
            "private_ip": "",
            "public_dns": "ec2-54-176-39-55.us-west-1.compute.amazonaws.com",
            "public_ip": "54.176.39.55",
            "public_ipv4_pool": "amazon",
            "tags": {
              "Name": "cml_eip-2"
            },
            "tags_all": {
              "Name": "cml_eip-2"
            },
            "timeouts": null,
            "vpc": true
          },
          "sensitive_attributes": [],
          "private": "eyJlMmJmYjczMC1lY2FhLTExZTYtOGY4OC0zNDM2M2JjN2M0YzAiOnsiZGVsZXRlIjoxODAwMDAwMDAwMDAsInJlYWQiOjkwMDAwMDAwMDAwMCwidXBkYXRlIjozMDAwMDAwMDAwMDB9fQ=="
        },
        {
          "index_key": 3,
          "schema_version": 0,
          "attributes": {
            "address": null,
            "allocation_id": "eipalloc-09337766a67fe24af",
            "associate_with_private_ip": null,
            "association_id": "",
            "carrier_ip": "",
            "customer_owned_ip": "",
            "customer_owned_ipv4_pool": "",
            "domain": "vpc",
            "id": "eipalloc-09337766a67fe24af",
            "instance": "",
            "network_border_group": "us-west-1",
            "network_interface": "",
            "private_dns": null,
            "private_ip": "",
            "public_dns": "ec2-52-52-244-145.us-west-1.compute.amazonaws.com",
            "public_ip": "52.52.244.145",
            "public_ipv4_pool": "amazon",
            "tags": {
              "Name": "cml_eip-3"
            },
            "tags_all": {
              "Name": "cml_eip-3"
            },
            "timeouts": null,
            "vpc": true
          },
          "sensitive_attributes": [],
          "private": "eyJlMmJmYjczMC1lY2FhLTExZTYtOGY4OC0zNDM2M2JjN2M0YzAiOnsiZGVsZXRlIjoxODAwMDAwMDAwMDAsInJlYWQiOjkwMDAwMDAwMDAwMCwidXBkYXRlIjozMDAwMDAwMDAwMDB9fQ=="
        }
      ]
    },
    {
      "module": "module.vpc",
      "mode": "managed",
      "type": "aws_internet_gateway",
      "name": "gw",
      "provider": "provider[\"registry.terraform.io/hashicorp/aws\"]",
      "instances": [
        {
          "schema_version": 0,
          "attributes": {
            "arn": "arn:aws:ec2:us-west-1:383452002839:internet-gateway/igw-057d7b93a8f4b9568",
            "id": "igw-057d7b93a8f4b9568",
            "owner_id": "383452002839",
            "tags": {
              "DataTaxonomy": "Cisco Operatoins Data",
              "Environment": "testing",
              "OwnerName": "",
              "ResourceOwner": "",
              "Security_Compliance": "yes",
              "ServiceName": "Security-stack",
              "project_name": "cml_on_aws"
            },
            "tags_all": {
              "DataTaxonomy": "Cisco Operatoins Data",
              "Environment": "testing",
              "OwnerName": "",
              "ResourceOwner": "",
              "Security_Compliance": "yes",
              "ServiceName": "Security-stack",
              "project_name": "cml_on_aws"
            },
            "timeouts": null,
            "vpc_id": "vpc-07c72133b9c3b00fd"
          },
          "sensitive_attributes": [],
          "private": "eyJlMmJmYjczMC1lY2FhLTExZTYtOGY4OC0zNDM2M2JjN2M0YzAiOnsiY3JlYXRlIjoxMjAwMDAwMDAwMDAwLCJkZWxldGUiOjEyMDAwMDAwMDAwMDAsInVwZGF0ZSI6MTIwMDAwMDAwMDAwMH19",
          "dependencies": [
            "module.vpc.aws_vpc.vpc"
          ]
        }
      ]
    },
    {
      "module": "module.vpc",
      "mode": "managed",
      "type": "aws_route_table",
      "name": "rtbl",
      "provider": "provider[\"registry.terraform.io/hashicorp/aws\"]",
      "instances": [
        {
          "schema_version": 0,
          "attributes": {
            "arn": "arn:aws:ec2:us-west-1:383452002839:route-table/rtb-08fef75ef987a987f",
            "id": "rtb-08fef75ef987a987f",
            "owner_id": "383452002839",
            "propagating_vgws": [],
            "route": [
              {
                "carrier_gateway_id": "",
                "cidr_block": "0.0.0.0/0",
                "core_network_arn": "",
                "destination_prefix_list_id": "",
                "egress_only_gateway_id": "",
                "gateway_id": "igw-057d7b93a8f4b9568",
                "instance_id": "",
                "ipv6_cidr_block": "",
                "local_gateway_id": "",
                "nat_gateway_id": "",
                "network_interface_id": "",
                "transit_gateway_id": "",
                "vpc_endpoint_id": "",
                "vpc_peering_connection_id": ""
              }
            ],
            "tags": {
              "DataTaxonomy": "Cisco Operatoins Data",
              "Environment": "testing",
              "OwnerName": "",
              "ResourceOwner": "",
              "Security_Compliance": "yes",
              "ServiceName": "Security-stack",
              "project_name": "cml_on_aws"
            },
            "tags_all": {
              "DataTaxonomy": "Cisco Operatoins Data",
              "Environment": "testing",
              "OwnerName": "",
              "ResourceOwner": "",
              "Security_Compliance": "yes",
              "ServiceName": "Security-stack",
              "project_name": "cml_on_aws"
            },
            "timeouts": null,
            "vpc_id": "vpc-07c72133b9c3b00fd"
          },
          "sensitive_attributes": [],
          "private": "eyJlMmJmYjczMC1lY2FhLTExZTYtOGY4OC0zNDM2M2JjN2M0YzAiOnsiY3JlYXRlIjozMDAwMDAwMDAwMDAsImRlbGV0ZSI6MzAwMDAwMDAwMDAwLCJ1cGRhdGUiOjEyMDAwMDAwMDAwMH19",
          "dependencies": [
            "module.vpc.aws_internet_gateway.gw",
            "module.vpc.aws_vpc.vpc"
          ]
        }
      ]
    },
    {
      "module": "module.vpc",
      "mode": "managed",
      "type": "aws_route_table_association",
      "name": "public-subnet-1-route-table-association",
      "provider": "provider[\"registry.terraform.io/hashicorp/aws\"]",
      "instances": [
        {
          "schema_version": 0,
          "attributes": {
            "gateway_id": "",
            "id": "rtbassoc-0298d6f99e9135e0c",
            "route_table_id": "rtb-08fef75ef987a987f",
            "subnet_id": "subnet-0485fbbbb32461ece"
          },
          "sensitive_attributes": [],
          "private": "bnVsbA==",
          "dependencies": [
            "module.vpc.aws_internet_gateway.gw",
            "module.vpc.aws_route_table.rtbl",
            "module.vpc.aws_subnet.pub-sub2",
            "module.vpc.aws_vpc.vpc",
            "module.vpc.data.aws_availability_zones.azs"
          ]
        }
      ]
    },
    {
      "module": "module.vpc",
      "mode": "managed",
      "type": "aws_security_group",
      "name": "sg",
      "provider": "provider[\"registry.terraform.io/hashicorp/aws\"]",
      "instances": [
        {
          "schema_version": 1,
          "attributes": {
            "arn": "arn:aws:ec2:us-west-1:383452002839:security-group/sg-041dee03c1c84161b",
            "description": "Managed by Terraform",
            "egress": [
              {
                "cidr_blocks": [
                  "0.0.0.0/0"
                ],
                "description": "",
                "from_port": 0,
                "ipv6_cidr_blocks": [],
                "prefix_list_ids": [],
                "protocol": "-1",
                "security_groups": [],
                "self": false,
                "to_port": 0
              }
            ],
            "id": "sg-041dee03c1c84161b",
            "ingress": [
              {
                "cidr_blocks": [
                  "0.0.0.0/0"
                ],
                "description": "TLS from VPC",
                "from_port": 22,
                "ipv6_cidr_blocks": [],
                "prefix_list_ids": [],
                "protocol": "tcp",
                "security_groups": [],
                "self": false,
                "to_port": 22
              },
              {
                "cidr_blocks": [
                  "0.0.0.0/0"
                ],
                "description": "TLS from VPC",
                "from_port": 443,
                "ipv6_cidr_blocks": [],
                "prefix_list_ids": [],
                "protocol": "tcp",
                "security_groups": [],
                "self": false,
                "to_port": 443
              },
              {
                "cidr_blocks": [
                  "128.107.241.160/27"
                ],
                "description": "TLS from VPC",
                "from_port": 22,
                "ipv6_cidr_blocks": [],
                "prefix_list_ids": [],
                "protocol": "tcp",
                "security_groups": [],
                "self": false,
                "to_port": 22
              },
              {
                "cidr_blocks": [
                  "128.107.241.160/27"
                ],
                "description": "TLS from VPC",
                "from_port": 443,
                "ipv6_cidr_blocks": [],
                "prefix_list_ids": [],
                "protocol": "tcp",
                "security_groups": [],
                "self": false,
                "to_port": 443
              },
              {
                "cidr_blocks": [
                  "173.36.224.108/32"
                ],
                "description": "TLS from VPC",
                "from_port": 22,
                "ipv6_cidr_blocks": [],
                "prefix_list_ids": [],
                "protocol": "tcp",
                "security_groups": [],
                "self": false,
                "to_port": 22
              },
              {
                "cidr_blocks": [
                  "173.36.224.108/32"
                ],
                "description": "TLS from VPC",
                "from_port": 443,
                "ipv6_cidr_blocks": [],
                "prefix_list_ids": [],
                "protocol": "tcp",
                "security_groups": [],
                "self": false,
                "to_port": 443
              },
              {
                "cidr_blocks": [
                  "173.36.240.160/27"
                ],
                "description": "TLS from VPC",
                "from_port": 22,
                "ipv6_cidr_blocks": [],
                "prefix_list_ids": [],
                "protocol": "tcp",
                "security_groups": [],
                "self": false,
                "to_port": 22
              },
              {
                "cidr_blocks": [
                  "173.36.240.160/27"
                ],
                "description": "TLS from VPC",
                "from_port": 443,
                "ipv6_cidr_blocks": [],
                "prefix_list_ids": [],
                "protocol": "tcp",
                "security_groups": [],
                "self": false,
                "to_port": 443
              },
              {
                "cidr_blocks": [
                  "173.38.220.32/27"
                ],
                "description": "TLS from VPC",
                "from_port": 22,
                "ipv6_cidr_blocks": [],
                "prefix_list_ids": [],
                "protocol": "tcp",
                "security_groups": [],
                "self": false,
                "to_port": 22
              },
              {
                "cidr_blocks": [
                  "173.38.220.32/27"
                ],
                "description": "TLS from VPC",
                "from_port": 443,
                "ipv6_cidr_blocks": [],
                "prefix_list_ids": [],
                "protocol": "tcp",
                "security_groups": [],
                "self": false,
                "to_port": 443
              },
              {
                "cidr_blocks": [
                  "64.104.125.224/27"
                ],
                "description": "TLS from VPC",
                "from_port": 22,
                "ipv6_cidr_blocks": [],
                "prefix_list_ids": [],
                "protocol": "tcp",
                "security_groups": [],
                "self": false,
                "to_port": 22
              },
              {
                "cidr_blocks": [
                  "64.104.125.224/27"
                ],
                "description": "TLS from VPC",
                "from_port": 443,
                "ipv6_cidr_blocks": [],
                "prefix_list_ids": [],
                "protocol": "tcp",
                "security_groups": [],
                "self": false,
                "to_port": 443
              },
              {
                "cidr_blocks": [
                  "64.104.44.96/27"
                ],
                "description": "TLS from VPC",
                "from_port": 22,
                "ipv6_cidr_blocks": [],
                "prefix_list_ids": [],
                "protocol": "tcp",
                "security_groups": [],
                "self": false,
                "to_port": 22
              },
              {
                "cidr_blocks": [
                  "64.104.44.96/27"
                ],
                "description": "TLS from VPC",
                "from_port": 443,
                "ipv6_cidr_blocks": [],
                "prefix_list_ids": [],
                "protocol": "tcp",
                "security_groups": [],
                "self": false,
                "to_port": 443
              },
              {
                "cidr_blocks": [
                  "72.163.0.0/16"
                ],
                "description": "TLS from VPC",
                "from_port": 22,
                "ipv6_cidr_blocks": [],
                "prefix_list_ids": [],
                "protocol": "tcp",
                "security_groups": [],
                "self": false,
                "to_port": 22
              },
              {
                "cidr_blocks": [
                  "72.163.0.0/16"
                ],
                "description": "TLS from VPC",
                "from_port": 443,
                "ipv6_cidr_blocks": [],
                "prefix_list_ids": [],
                "protocol": "tcp",
                "security_groups": [],
                "self": false,
                "to_port": 443
              },
              {
                "cidr_blocks": [
                  "72.163.217.96/27"
                ],
                "description": "TLS from VPC",
                "from_port": 22,
                "ipv6_cidr_blocks": [],
                "prefix_list_ids": [],
                "protocol": "tcp",
                "security_groups": [],
                "self": false,
                "to_port": 22
              },
              {
                "cidr_blocks": [
                  "72.163.217.96/27"
                ],
                "description": "TLS from VPC",
                "from_port": 443,
                "ipv6_cidr_blocks": [],
                "prefix_list_ids": [],
                "protocol": "tcp",
                "security_groups": [],
                "self": false,
                "to_port": 443
              },
              {
                "cidr_blocks": [
                  "72.163.220.0/27"
                ],
                "description": "TLS from VPC",
                "from_port": 22,
                "ipv6_cidr_blocks": [],
                "prefix_list_ids": [],
                "protocol": "tcp",
                "security_groups": [],
                "self": false,
                "to_port": 22
              },
              {
                "cidr_blocks": [
                  "72.163.220.0/27"
                ],
                "description": "TLS from VPC",
                "from_port": 443,
                "ipv6_cidr_blocks": [],
                "prefix_list_ids": [],
                "protocol": "tcp",
                "security_groups": [],
                "self": false,
                "to_port": 443
              }
            ],
            "name": "cml-security-group",
            "name_prefix": "",
            "owner_id": "383452002839",
            "revoke_rules_on_delete": false,
            "tags": {
              "DataTaxonomy": "Cisco Operatoins Data",
              "Environment": "testing",
              "OwnerName": "",
              "ResourceOwner": "",
              "Security_Compliance": "yes",
              "ServiceName": "Security-stack",
              "project_name": "cml_on_aws"
            },
            "tags_all": {
              "DataTaxonomy": "Cisco Operatoins Data",
              "Environment": "testing",
              "OwnerName": "",
              "ResourceOwner": "",
              "Security_Compliance": "yes",
              "ServiceName": "Security-stack",
              "project_name": "cml_on_aws"
            },
            "timeouts": null,
            "vpc_id": "vpc-07c72133b9c3b00fd"
          },
          "sensitive_attributes": [],
          "private": "eyJlMmJmYjczMC1lY2FhLTExZTYtOGY4OC0zNDM2M2JjN2M0YzAiOnsiY3JlYXRlIjo2MDAwMDAwMDAwMDAsImRlbGV0ZSI6OTAwMDAwMDAwMDAwfSwic2NoZW1hX3ZlcnNpb24iOiIxIn0=",
          "dependencies": [
            "module.vpc.aws_vpc.vpc"
          ]
        }
      ]
    },
    {
      "module": "module.vpc",
      "mode": "managed",
      "type": "aws_subnet",
      "name": "private-sub1",
      "provider": "provider[\"registry.terraform.io/hashicorp/aws\"]",
      "instances": [
        {
          "schema_version": 1,
          "attributes": {
            "arn": "arn:aws:ec2:us-west-1:383452002839:subnet/subnet-0a1c033daf0eadf84",
            "assign_ipv6_address_on_creation": false,
            "availability_zone": "us-west-1b",
            "availability_zone_id": "usw1-az3",
            "cidr_block": "10.0.30.0/24",
            "customer_owned_ipv4_pool": "",
            "enable_dns64": false,
            "enable_resource_name_dns_a_record_on_launch": false,
            "enable_resource_name_dns_aaaa_record_on_launch": false,
            "id": "subnet-0a1c033daf0eadf84",
            "ipv6_cidr_block": "",
            "ipv6_cidr_block_association_id": "",
            "ipv6_native": false,
            "map_customer_owned_ip_on_launch": false,
            "map_public_ip_on_launch": false,
            "outpost_arn": "",
            "owner_id": "383452002839",
            "private_dns_hostname_type_on_launch": "ip-name",
            "tags": {
              "DataTaxonomy": "Cisco Operatoins Data",
              "Environment": "testing",
              "OwnerName": "",
              "ResourceOwner": "",
              "Security_Compliance": "yes",
              "ServiceName": "Security-stack",
              "project_name": "cml_on_aws"
            },
            "tags_all": {
              "DataTaxonomy": "Cisco Operatoins Data",
              "Environment": "testing",
              "OwnerName": "",
              "ResourceOwner": "",
              "Security_Compliance": "yes",
              "ServiceName": "Security-stack",
              "project_name": "cml_on_aws"
            },
            "timeouts": null,
            "vpc_id": "vpc-07c72133b9c3b00fd"
          },
          "sensitive_attributes": [],
          "private": "eyJlMmJmYjczMC1lY2FhLTExZTYtOGY4OC0zNDM2M2JjN2M0YzAiOnsiY3JlYXRlIjo2MDAwMDAwMDAwMDAsImRlbGV0ZSI6MTIwMDAwMDAwMDAwMH0sInNjaGVtYV92ZXJzaW9uIjoiMSJ9",
          "dependencies": [
            "module.vpc.aws_vpc.vpc",
            "module.vpc.data.aws_availability_zones.azs"
          ]
        }
      ]
    },
    {
      "module": "module.vpc",
      "mode": "managed",
      "type": "aws_subnet",
      "name": "private-sub2",
      "provider": "provider[\"registry.terraform.io/hashicorp/aws\"]",
      "instances": [
        {
          "schema_version": 1,
          "attributes": {
            "arn": "arn:aws:ec2:us-west-1:383452002839:subnet/subnet-011ef5e51e0df5938",
            "assign_ipv6_address_on_creation": false,
            "availability_zone": "us-west-1c",
            "availability_zone_id": "usw1-az1",
            "cidr_block": "10.0.40.0/24",
            "customer_owned_ipv4_pool": "",
            "enable_dns64": false,
            "enable_resource_name_dns_a_record_on_launch": false,
            "enable_resource_name_dns_aaaa_record_on_launch": false,
            "id": "subnet-011ef5e51e0df5938",
            "ipv6_cidr_block": "",
            "ipv6_cidr_block_association_id": "",
            "ipv6_native": false,
            "map_customer_owned_ip_on_launch": false,
            "map_public_ip_on_launch": false,
            "outpost_arn": "",
            "owner_id": "383452002839",
            "private_dns_hostname_type_on_launch": "ip-name",
            "tags": {
              "DataTaxonomy": "Cisco Operatoins Data",
              "Environment": "testing",
              "OwnerName": "",
              "ResourceOwner": "",
              "Security_Compliance": "yes",
              "ServiceName": "Security-stack",
              "project_name": "cml_on_aws"
            },
            "tags_all": {
              "DataTaxonomy": "Cisco Operatoins Data",
              "Environment": "testing",
              "OwnerName": "",
              "ResourceOwner": "",
              "Security_Compliance": "yes",
              "ServiceName": "Security-stack",
              "project_name": "cml_on_aws"
            },
            "timeouts": null,
            "vpc_id": "vpc-07c72133b9c3b00fd"
          },
          "sensitive_attributes": [],
          "private": "eyJlMmJmYjczMC1lY2FhLTExZTYtOGY4OC0zNDM2M2JjN2M0YzAiOnsiY3JlYXRlIjo2MDAwMDAwMDAwMDAsImRlbGV0ZSI6MTIwMDAwMDAwMDAwMH0sInNjaGVtYV92ZXJzaW9uIjoiMSJ9",
          "dependencies": [
            "module.vpc.aws_vpc.vpc",
            "module.vpc.data.aws_availability_zones.azs"
          ]
        }
      ]
    },
    {
      "module": "module.vpc",
      "mode": "managed",
      "type": "aws_subnet",
      "name": "pub-sub1",
      "provider": "provider[\"registry.terraform.io/hashicorp/aws\"]",
      "instances": [
        {
          "schema_version": 1,
          "attributes": {
            "arn": "arn:aws:ec2:us-west-1:383452002839:subnet/subnet-0929b4ac1740528c0",
            "assign_ipv6_address_on_creation": false,
            "availability_zone": "us-west-1b",
            "availability_zone_id": "usw1-az3",
            "cidr_block": "10.0.10.0/24",
            "customer_owned_ipv4_pool": "",
            "enable_dns64": false,
            "enable_resource_name_dns_a_record_on_launch": false,
            "enable_resource_name_dns_aaaa_record_on_launch": false,
            "id": "subnet-0929b4ac1740528c0",
            "ipv6_cidr_block": "",
            "ipv6_cidr_block_association_id": "",
            "ipv6_native": false,
            "map_customer_owned_ip_on_launch": false,
            "map_public_ip_on_launch": true,
            "outpost_arn": "",
            "owner_id": "383452002839",
            "private_dns_hostname_type_on_launch": "ip-name",
            "tags": {
              "DataTaxonomy": "Cisco Operatoins Data",
              "Environment": "testing",
              "OwnerName": "",
              "ResourceOwner": "",
              "Security_Compliance": "yes",
              "ServiceName": "Security-stack",
              "project_name": "cml_on_aws"
            },
            "tags_all": {
              "DataTaxonomy": "Cisco Operatoins Data",
              "Environment": "testing",
              "OwnerName": "",
              "ResourceOwner": "",
              "Security_Compliance": "yes",
              "ServiceName": "Security-stack",
              "project_name": "cml_on_aws"
            },
            "timeouts": null,
            "vpc_id": "vpc-07c72133b9c3b00fd"
          },
          "sensitive_attributes": [],
          "private": "eyJlMmJmYjczMC1lY2FhLTExZTYtOGY4OC0zNDM2M2JjN2M0YzAiOnsiY3JlYXRlIjo2MDAwMDAwMDAwMDAsImRlbGV0ZSI6MTIwMDAwMDAwMDAwMH0sInNjaGVtYV92ZXJzaW9uIjoiMSJ9",
          "dependencies": [
            "module.vpc.aws_vpc.vpc",
            "module.vpc.data.aws_availability_zones.azs"
          ]
        }
      ]
    },
    {
      "module": "module.vpc",
      "mode": "managed",
      "type": "aws_subnet",
      "name": "pub-sub2",
      "provider": "provider[\"registry.terraform.io/hashicorp/aws\"]",
      "instances": [
        {
          "schema_version": 1,
          "attributes": {
            "arn": "arn:aws:ec2:us-west-1:383452002839:subnet/subnet-0485fbbbb32461ece",
            "assign_ipv6_address_on_creation": false,
            "availability_zone": "us-west-1c",
            "availability_zone_id": "usw1-az1",
            "cidr_block": "10.0.20.0/24",
            "customer_owned_ipv4_pool": "",
            "enable_dns64": false,
            "enable_resource_name_dns_a_record_on_launch": false,
            "enable_resource_name_dns_aaaa_record_on_launch": false,
            "id": "subnet-0485fbbbb32461ece",
            "ipv6_cidr_block": "",
            "ipv6_cidr_block_association_id": "",
            "ipv6_native": false,
            "map_customer_owned_ip_on_launch": false,
            "map_public_ip_on_launch": true,
            "outpost_arn": "",
            "owner_id": "383452002839",
            "private_dns_hostname_type_on_launch": "ip-name",
            "tags": {
              "DataTaxonomy": "Cisco Operatoins Data",
              "Environment": "testing",
              "OwnerName": "",
              "ResourceOwner": "",
              "Security_Compliance": "yes",
              "ServiceName": "Security-stack",
              "project_name": "cml_on_aws"
            },
            "tags_all": {
              "DataTaxonomy": "Cisco Operatoins Data",
              "Environment": "testing",
              "OwnerName": "",
              "ResourceOwner": "",
              "Security_Compliance": "yes",
              "ServiceName": "Security-stack",
              "project_name": "cml_on_aws"
            },
            "timeouts": null,
            "vpc_id": "vpc-07c72133b9c3b00fd"
          },
          "sensitive_attributes": [],
          "private": "eyJlMmJmYjczMC1lY2FhLTExZTYtOGY4OC0zNDM2M2JjN2M0YzAiOnsiY3JlYXRlIjo2MDAwMDAwMDAwMDAsImRlbGV0ZSI6MTIwMDAwMDAwMDAwMH0sInNjaGVtYV92ZXJzaW9uIjoiMSJ9",
          "dependencies": [
            "module.vpc.aws_vpc.vpc",
            "module.vpc.data.aws_availability_zones.azs"
          ]
        }
      ]
    },
    {
      "module": "module.vpc",
      "mode": "managed",
      "type": "aws_vpc",
      "name": "vpc",
      "provider": "provider[\"registry.terraform.io/hashicorp/aws\"]",
      "instances": [
        {
          "schema_version": 1,
          "attributes": {
            "arn": "arn:aws:ec2:us-west-1:383452002839:vpc/vpc-07c72133b9c3b00fd",
            "assign_generated_ipv6_cidr_block": false,
            "cidr_block": "10.0.0.0/16",
            "default_network_acl_id": "acl-0dadcc5abee67cb11",
            "default_route_table_id": "rtb-019ad0bf1a9513247",
            "default_security_group_id": "sg-092aebb5ae3680cdc",
            "dhcp_options_id": "dopt-0cdf1b7cb4f287a66",
            "enable_classiclink": false,
            "enable_classiclink_dns_support": false,
            "enable_dns_hostnames": false,
            "enable_dns_support": true,
            "enable_network_address_usage_metrics": false,
            "id": "vpc-07c72133b9c3b00fd",
            "instance_tenancy": "default",
            "ipv4_ipam_pool_id": null,
            "ipv4_netmask_length": null,
            "ipv6_association_id": "",
            "ipv6_cidr_block": "",
            "ipv6_cidr_block_network_border_group": "",
            "ipv6_ipam_pool_id": "",
            "ipv6_netmask_length": 0,
            "main_route_table_id": "rtb-019ad0bf1a9513247",
            "owner_id": "383452002839",
            "tags": {
              "DataTaxonomy": "Cisco Operatoins Data",
              "Environment": "testing",
              "OwnerName": "",
              "ResourceOwner": "",
              "Security_Compliance": "yes",
              "ServiceName": "Security-stack",
              "project_name": "cml_on_aws"
            },
            "tags_all": {
              "DataTaxonomy": "Cisco Operatoins Data",
              "Environment": "testing",
              "OwnerName": "",
              "ResourceOwner": "",
              "Security_Compliance": "yes",
              "ServiceName": "Security-stack",
              "project_name": "cml_on_aws"
            }
          },
          "sensitive_attributes": [],
          "private": "eyJzY2hlbWFfdmVyc2lvbiI6IjEifQ=="
        }
      ]
    }
  ]
}
